
Microsoft Visual Studio Solution File, Format Version 12.00
# Visual Studio Version 17
VisualStudioVersion = 17.0.31919.166
MinimumVisualStudioVersion = 10.0.40219.1
Project("{9A19103F-16F7-4668-BE54-9A1E7A4F7556}") = "CurrencyExchangeService", "CurrencyExchangeService\CurrencyExchangeService.csproj", "{437447EA-7A38-46C7-A773-BA250F1A5964}"
EndProject
Project("{9A19103F-16F7-4668-BE54-9A1E7A4F7556}") = "Data", "Data\Data.csproj", "{6EA520D5-AC18-4FBA-82DF-5F7993A36403}"
EndProject
Project("{FAE04EC0-301F-11D3-BF4B-00C04F79EFBC}") = "ExchangeCurrencyTest", "ExchangeCurrencyTest\ExchangeCurrencyTest.csproj", "{A9AECE25-1EB7-432F-9B00-482E083EB807}"
EndProject
Global
	GlobalSection(SolutionConfigurationPlatforms) = preSolution
		Debug|Any CPU = Debug|Any CPU
		Release|Any CPU = Release|Any CPU
	EndGlobalSection
	GlobalSection(ProjectConfigurationPlatforms) = postSolution
		{437447EA-7A38-46C7-A773-BA250F1A5964}.Debug|Any CPU.ActiveCfg = Debug|Any CPU
		{437447EA-7A38-46C7-A773-BA250F1A5964}.Debug|Any CPU.Build.0 = Debug|Any CPU
		{437447EA-7A38-46C7-A773-BA250F1A5964}.Release|Any CPU.ActiveCfg = Release|Any CPU
		{437447EA-7A38-46C7-A773-BA250F1A5964}.Release|Any CPU.Build.0 = Release|Any CPU
		{6EA520D5-AC18-4FBA-82DF-5F7993A36403}.Debug|Any CPU.ActiveCfg = Debug|Any CPU
		{6EA520D5-AC18-4FBA-82DF-5F7993A36403}.Debug|Any CPU.Build.0 = Debug|Any CPU
		{6EA520D5-AC18-4FBA-82DF-5F7993A36403}.Release|Any CPU.ActiveCfg = Release|Any CPU
		{6EA520D5-AC18-4FBA-82DF-5F7993A36403}.Release|Any CPU.Build.0 = Release|Any CPU
		{A9AECE25-1EB7-432F-9B00-482E083EB807}.Debug|Any CPU.ActiveCfg = Debug|Any CPU
		{A9AECE25-1EB7-432F-9B00-482E083EB807}.Debug|Any CPU.Build.0 = Debug|Any CPU
		{A9AECE25-1EB7-432F-9B00-482E083EB807}.Release|Any CPU.ActiveCfg = Release|Any CPU
		{A9AECE25-1EB7-432F-9B00-482E083EB807}.Release|Any CPU.Build.0 = Release|Any CPU
	EndGlobalSection
	GlobalSection(SolutionProperties) = preSolution
		HideSolutionNode = FALSE
	EndGlobalSection
	GlobalSection(ExtensibilityGlobals) = postSolution
		SolutionGuid = {6CBA3A60-9AB9-4CCE-94DA-983DE906C7EC}
	EndGlobalSection
EndGlobal
